
Microsoft Visual Studio Solution File, Format Version 12.00
# Visual Studio 15
VisualStudioVersion = 15.0.27703.2035
MinimumVisualStudioVersion = 10.0.40219.1
Project("{FAE04EC0-301F-11D3-BF4B-00C04F79EFBC}") = "MvcMusicStore2", "MvcMusicStore2\MvcMusicStore2.csproj", "{B69A0EAC-DD3C-4DD7-B7F3-6D878BF211D9}"
EndProject
Global
	GlobalSection(SolutionConfigurationPlatforms) = preSolution
		Debug|Any CPU = Debug|Any CPU
		Release|Any CPU = Release|Any CPU
	EndGlobalSection
	GlobalSection(ProjectConfigurationPlatforms) = postSolution
		{B69A0EAC-DD3C-4DD7-B7F3-6D878BF211D9}.Debug|Any CPU.ActiveCfg = Debug|Any CPU
		{B69A0EAC-DD3C-4DD7-B7F3-6D878BF211D9}.Debug|Any CPU.Build.0 = Debug|Any CPU
		{B69A0EAC-DD3C-4DD7-B7F3-6D878BF211D9}.Release|Any CPU.ActiveCfg = Release|Any CPU
		{B69A0EAC-DD3C-4DD7-B7F3-6D878BF211D9}.Release|Any CPU.Build.0 = Release|Any CPU
	EndGlobalSection
	GlobalSection(SolutionProperties) = preSolution
		HideSolutionNode = FALSE
	EndGlobalSection
	GlobalSection(ExtensibilityGlobals) = postSolution
		SolutionGuid = {BCDB3D10-4B47-49EA-9DD8-140F3098A94C}
	EndGlobalSection
EndGlobal
